
Microsoft Visual Studio Solution File, Format Version 12.00
# Visual Studio Version 17
VisualStudioVersion = 17.5.33516.290
MinimumVisualStudioVersion = 10.0.40219.1
Project("{FAE04EC0-301F-11D3-BF4B-00C04F79EFBC}") = "ConsoleApp2", "ConsoleApp2\ConsoleApp2.csproj", "{51157D12-1891-4B13-A0E0-40E70E4878A1}"
EndProject
Project("{FAE04EC0-301F-11D3-BF4B-00C04F79EFBC}") = "Demo", "Demo\Demo.csproj", "{8652A824-8BF7-4E30-AE0A-65F478885622}"
EndProject
Global
	GlobalSection(SolutionConfigurationPlatforms) = preSolution
		Debug|Any CPU = Debug|Any CPU
		Release|Any CPU = Release|Any CPU
	EndGlobalSection
	GlobalSection(ProjectConfigurationPlatforms) = postSolution
		{51157D12-1891-4B13-A0E0-40E70E4878A1}.Debug|Any CPU.ActiveCfg = Debug|Any CPU
		{51157D12-1891-4B13-A0E0-40E70E4878A1}.Debug|Any CPU.Build.0 = Debug|Any CPU
		{51157D12-1891-4B13-A0E0-40E70E4878A1}.Release|Any CPU.ActiveCfg = Release|Any CPU
		{51157D12-1891-4B13-A0E0-40E70E4878A1}.Release|Any CPU.Build.0 = Release|Any CPU
		{8652A824-8BF7-4E30-AE0A-65F478885622}.Debug|Any CPU.ActiveCfg = Debug|Any CPU
		{8652A824-8BF7-4E30-AE0A-65F478885622}.Debug|Any CPU.Build.0 = Debug|Any CPU
		{8652A824-8BF7-4E30-AE0A-65F478885622}.Release|Any CPU.ActiveCfg = Release|Any CPU
		{8652A824-8BF7-4E30-AE0A-65F478885622}.Release|Any CPU.Build.0 = Release|Any CPU
	EndGlobalSection
	GlobalSection(SolutionProperties) = preSolution
		HideSolutionNode = FALSE
	EndGlobalSection
	GlobalSection(ExtensibilityGlobals) = postSolution
		SolutionGuid = {34A8317E-2122-4990-990B-CDA1E16296C3}
	EndGlobalSection
EndGlobal
